
Microsoft Visual Studio Solution File, Format Version 11.00
# Visual Studio 2010
Project("{8BC9CEB8-8B4A-11D0-8D11-00A0C91BC942}") = "mine_clearance", "mine_clearance\mine_clearance.vcxproj", "{CCF4E183-38E3-4C04-8D51-EF37CDDD4156}"
EndProject
Global
	GlobalSection(SolutionConfigurationPlatforms) = preSolution
		Debug|Win32 = Debug|Win32
		Release|Win32 = Release|Win32
	EndGlobalSection
	GlobalSection(ProjectConfigurationPlatforms) = postSolution
		{CCF4E183-38E3-4C04-8D51-EF37CDDD4156}.Debug|Win32.ActiveCfg = Debug|Win32
		{CCF4E183-38E3-4C04-8D51-EF37CDDD4156}.Debug|Win32.Build.0 = Debug|Win32
		{CCF4E183-38E3-4C04-8D51-EF37CDDD4156}.Release|Win32.ActiveCfg = Release|Win32
		{CCF4E183-38E3-4C04-8D51-EF37CDDD4156}.Release|Win32.Build.0 = Release|Win32
	EndGlobalSection
	GlobalSection(SolutionProperties) = preSolution
		HideSolutionNode = FALSE
	EndGlobalSection
EndGlobal
